
Microsoft Visual Studio Solution File, Format Version 12.00
# Visual Studio Version 17
VisualStudioVersion = 17.0.31903.59
MinimumVisualStudioVersion = 10.0.40219.1
Project("{FAE04EC0-301F-11D3-BF4B-00C04F79EFBC}") = "BlazorSprint1", "BlazorSprint1\BlazorSprint1.csproj", "{314725A7-4814-411F-B15A-515C7B0A2040}"
EndProject
Global
	GlobalSection(SolutionConfigurationPlatforms) = preSolution
		Debug|Any CPU = Debug|Any CPU
		Release|Any CPU = Release|Any CPU
	EndGlobalSection
	GlobalSection(SolutionProperties) = preSolution
		HideSolutionNode = FALSE
	EndGlobalSection
	GlobalSection(ProjectConfigurationPlatforms) = postSolution
		{314725A7-4814-411F-B15A-515C7B0A2040}.Debug|Any CPU.ActiveCfg = Debug|Any CPU
		{314725A7-4814-411F-B15A-515C7B0A2040}.Debug|Any CPU.Build.0 = Debug|Any CPU
		{314725A7-4814-411F-B15A-515C7B0A2040}.Release|Any CPU.ActiveCfg = Release|Any CPU
		{314725A7-4814-411F-B15A-515C7B0A2040}.Release|Any CPU.Build.0 = Release|Any CPU
	EndGlobalSection
EndGlobal
